
Microsoft Visual Studio Solution File, Format Version 12.00
# Visual Studio 15
VisualStudioVersion = 15.0.28010.2016
MinimumVisualStudioVersion = 10.0.40219.1
Project("{FAE04EC0-301F-11D3-BF4B-00C04F79EFBC}") = "VSCMount", "VSCMount\VSCMount.csproj", "{A67D58CA-A29A-418F-9419-E8E4C5A70EDB}"
EndProject
Global
	GlobalSection(SolutionConfigurationPlatforms) = preSolution
		Debug|Any CPU = Debug|Any CPU
		Release|Any CPU = Release|Any CPU
	EndGlobalSection
	GlobalSection(ProjectConfigurationPlatforms) = postSolution
		{A67D58CA-A29A-418F-9419-E8E4C5A70EDB}.Debug|Any CPU.ActiveCfg = Debug|Any CPU
		{A67D58CA-A29A-418F-9419-E8E4C5A70EDB}.Debug|Any CPU.Build.0 = Debug|Any CPU
		{A67D58CA-A29A-418F-9419-E8E4C5A70EDB}.Release|Any CPU.ActiveCfg = Release|Any CPU
		{A67D58CA-A29A-418F-9419-E8E4C5A70EDB}.Release|Any CPU.Build.0 = Release|Any CPU
	EndGlobalSection
	GlobalSection(SolutionProperties) = preSolution
		HideSolutionNode = FALSE
	EndGlobalSection
	GlobalSection(ExtensibilityGlobals) = postSolution
		SolutionGuid = {5A9E4834-7E47-4369-A19D-9E499F1689B4}
	EndGlobalSection
EndGlobal
